{
  "version": 4,
  "terraform_version": "1.12.2",
  "serial": 9,
  "lineage": "c1fb0312-57ae-c0bb-79a1-bdc3038e314b",
  "outputs": {},
  "resources": [
    {
      "mode": "managed",
      "type": "wiz_resource_tagging_rule",
      "name": "tf_resource_tagging_rule_sandwick_test",
      "provider": "provider[\"tf.app.wiz.io/wizsec/wiz\"]",
      "instances": [
        {
          "schema_version": 0,
          "attributes": {
            "created_by": "wgxq75hrlndpbktx3eupevf2xzprrz3frydvd7nby4qwgrsu7vdhg",
            "description": "Test resource tagging rule",
            "enabled": true,
            "id": "ca0b284b-8fe2-46cc-a565-674f255a94a4",
            "name": "tf_resource_tagging_rule_sandwick_test",
            "project_id": null,
            "query": "{\"select\":true,\"type\":[\"NETWORK_ADDRESS\"],\"where\":{\"name\":{\"CONTAINS\":[\"test\"]}}}",
            "tags": [
              {
                "key": "SandwickKey",
                "value": "SandwickTest"
              },
              {
                "key": "terraform",
                "value": "testing"
              }
            ]
          },
          "sensitive_attributes": [],
          "identity_schema_version": 0,
          "private": "bnVsbA=="
        }
      ]
    }
  ],
  "check_results": null
}
